{
  "name": "functions",
  "requires": true,
  "lockfileVersion": 1,
  "dependencies": {
    "@types/debug": {
      "version": "4.1.13",
      "resolved": "https://registry.npmjs.org/@types/debug/-/debug-4.1.13.tgz",
      "integrity": "sha512-KSVgmQmzMwPlmtljOomayoR89W4FynCAi3E8PPs7vmDVPe84hT+vGPKkJfThkmXs0x0jAaa9U8uW8bbfyS2fWw==",
      "requires": {
        "@types/ms": "*"
      }
    },
    "@types/ms": {
      "version": "2.1.0",
      "resolved": "https://registry.npmjs.org/@types/ms/-/ms-2.1.0.tgz",
      "integrity": "sha512-GsCCIZDE/p3i96vtEqx+7dBUGXrc7zeSK3wwPHIaRThS+9OhWIXRqzs4d6k1SVU8g91DrNRWxWUGhp5KXQb2VA=="
    },
    "@vonage/accounts": {
      "version": "1.23.1",
      "resolved": "https://registry.npmjs.org/@vonage/accounts/-/accounts-1.23.1.tgz",
      "integrity": "sha512-hY/cIK4Mj4qBQKMMKTrqhwOJS4mjZLrFql14U4d3hjxDyVGYIz6/EmpvCSn+prVC2bbGiWo4l4gNFQmbOQ9nKw==",
      "requires": {
        "@vonage/server-client": "1.23.1"
      }
    },
    "@vonage/applications": {
      "version": "1.23.1",
      "resolved": "https://registry.npmjs.org/@vonage/applications/-/applications-1.23.1.tgz",
      "integrity": "sha512-uH3+I0PAizQNabfRmzA0EJcq/BLoSv6stWgUFMBGdtVxMgA4/xTKpdvDZB4iLETXvMlIqqQ3nWGBMX1xp6zsSw==",
      "requires": {
        "@vonage/server-client": "1.23.1"
      }
    },
    "@vonage/auth": {
      "version": "1.18.1",
      "resolved": "https://registry.npmjs.org/@vonage/auth/-/auth-1.18.1.tgz",
      "integrity": "sha512-VHWcF15wFIPskGUNu7TFN3iHArhGzys6heihLGKef6BbRDD9iZTnzZ359rlP196lLsHD12u0iunW0cWxZ0gIZw==",
      "requires": {
        "@vonage/jwt": "1.17.1",
        "debug": "4.4.3"
      }
    },
    "@vonage/conversations": {
      "version": "1.17.1",
      "resolved": "https://registry.npmjs.org/@vonage/conversations/-/conversations-1.17.1.tgz",
      "integrity": "sha512-HN0G5tCFcHXLIVm+B1/4BRWCZy1KO1dwkVTyN/8AlmZ1xu0bwzGrhzo4ejjV00BlNJrLpD4X/t+7RiwjJ2nCoA==",
      "requires": {
        "@vonage/messages": "1.27.1",
        "@vonage/server-client": "1.23.1",
        "@vonage/users": "1.17.1",
        "@vonage/voice": "1.24.1"
      }
    },
    "@vonage/jwt": {
      "version": "1.17.1",
      "resolved": "https://registry.npmjs.org/@vonage/jwt/-/jwt-1.17.1.tgz",
      "integrity": "sha512-Ya4yWG4QRecM1PQU21EHUEv20ZX/F7qS2/LR1L+7A6dXM3eU0RS+z6jgxFWULE5hC7eoxcsNKay5bl8ORz7qJw==",
      "requires": {
        "debug": "4.4.3",
        "jsonwebtoken": "9.0.3",
        "uuid": "14.0.1"
      }
    },
    "@vonage/messages": {
      "version": "1.27.1",
      "resolved": "https://registry.npmjs.org/@vonage/messages/-/messages-1.27.1.tgz",
      "integrity": "sha512-z9jdMkMuygqPzy4mLzNOR/KojKZ7AyALug4VClF4kN92Ohw2AP99f2ZdX+K4uV+NTZ9DR1dtbm86QaVaZwxoNg==",
      "requires": {
        "@vonage/server-client": "1.23.1",
        "@vonage/vetch": "1.14.1",
        "debug": "4.4.3"
      }
    },
    "@vonage/number-insights": {
      "version": "1.23.1",
      "resolved": "https://registry.npmjs.org/@vonage/number-insights/-/number-insights-1.23.1.tgz",
      "integrity": "sha512-zQsv2BvCk7auHi10neuj6pzJ/cKTK1YxfHN7TD+mYOQOLLGvDjKJBzFFwizagnouzH9LImxJG79foca7cJDs3w==",
      "requires": {
        "@vonage/auth": "1.18.1",
        "@vonage/server-client": "1.23.1",
        "@vonage/vetch": "1.14.1"
      }
    },
    "@vonage/numbers": {
      "version": "1.25.1",
      "resolved": "https://registry.npmjs.org/@vonage/numbers/-/numbers-1.25.1.tgz",
      "integrity": "sha512-DhkBPHEs10UcoTL6jJzF8EZqdrnbn8xwfdrBXj7wRM1sDtQhIPx6VVMsDB6ItFwMesfPaNt1oAzJ26k3qgdpJQ==",
      "requires": {
        "@vonage/auth": "1.18.1",
        "@vonage/server-client": "1.23.1",
        "@vonage/vetch": "1.14.1"
      }
    },
    "@vonage/pricing": {
      "version": "1.23.1",
      "resolved": "https://registry.npmjs.org/@vonage/pricing/-/pricing-1.23.1.tgz",
      "integrity": "sha512-pTsMX4+xsjpzrZvQVlaN0kU2naaylVN6OxBHjMdDSlEl5ubl9G1lLLxZ7SaMXmtJZJH19xTgBwk2lf3uQ2zxDA==",
      "requires": {
        "@vonage/auth": "1.18.1",
        "@vonage/server-client": "1.23.1",
        "@vonage/vetch": "1.14.1"
      }
    },
    "@vonage/redact": {
      "version": "1.22.1",
      "resolved": "https://registry.npmjs.org/@vonage/redact/-/redact-1.22.1.tgz",
      "integrity": "sha512-LfIZUYhBOv68nrG/1Z5NoW+QxbvBmwYT6DTujNBxMiLigAy7tLdot76syKWAjqKA8xVYPDStPZoyjeLEte9BJg==",
      "requires": {
        "@vonage/server-client": "1.23.1"
      }
    },
    "@vonage/server-client": {
      "version": "1.23.1",
      "resolved": "https://registry.npmjs.org/@vonage/server-client/-/server-client-1.23.1.tgz",
      "integrity": "sha512-Q+522H6RfZi467nvNp+E5GtwKRuJizLiYj2eynbbLqzrVDQm2iBgaDFfy5W4BGZ/hVirb+G8L5CRFlVrwxhdbg==",
      "requires": {
        "@vonage/auth": "1.18.1",
        "@vonage/vetch": "1.14.1",
        "debug": "4.4.3"
      }
    },
    "@vonage/server-sdk": {
      "version": "3.13.1",
      "resolved": "https://registry.npmjs.org/@vonage/server-sdk/-/server-sdk-3.13.1.tgz",
      "integrity": "sha512-EMVfT+fXQOnQqJ4TuQ4RaXlzM35FwAVYnMt+7ANr+26VIdYq+UuOeTV9DNJmFSMTL2gGc8ca3wA1l8HEKeFfLA==",
      "requires": {
        "@vonage/accounts": "^1.11.1",
        "@vonage/applications": "^1.11.1",
        "@vonage/auth": "^1.9.1",
        "@vonage/conversations": "^1.1.1",
        "@vonage/messages": "^1.12.1",
        "@vonage/number-insights": "^1.11.1",
        "@vonage/numbers": "^1.11.1",
        "@vonage/pricing": "^1.11.1",
        "@vonage/redact": "^1.10.1",
        "@vonage/server-client": "^1.11.1",
        "@vonage/sms": "^1.12.1",
        "@vonage/users": "^1.5.1",
        "@vonage/verify": "^1.11.1",
        "@vonage/verify2": "^1.10.1",
        "@vonage/video": "^1.15.1",
        "@vonage/voice": "^1.11.1"
      }
    },
    "@vonage/sms": {
      "version": "1.24.1",
      "resolved": "https://registry.npmjs.org/@vonage/sms/-/sms-1.24.1.tgz",
      "integrity": "sha512-ddpGKPLVmaaV/fi3ZhCc5WBgMVRL2hKSZJ+muJ66GHXwYRGUv7WdES9xuIe3tOqeKNtdeO8v9WdMagP/G+QvLQ==",
      "requires": {
        "@vonage/auth": "1.18.1",
        "@vonage/server-client": "1.23.1"
      }
    },
    "@vonage/users": {
      "version": "1.17.1",
      "resolved": "https://registry.npmjs.org/@vonage/users/-/users-1.17.1.tgz",
      "integrity": "sha512-3+rfYK2gz70pnRbk9eR8ly3CIEaKvJ+iqz6jF72ArVeT6AhrJc2gdmX0ZytptwpP3NP9JZkDTx2Iie9X1iedtA==",
      "requires": {
        "@vonage/server-client": "1.23.1"
      }
    },
    "@vonage/verify": {
      "version": "1.23.1",
      "resolved": "https://registry.npmjs.org/@vonage/verify/-/verify-1.23.1.tgz",
      "integrity": "sha512-STs16nVdOi4+xHuolQwAbxNhg0svt0zmh88KEkkCdGWrJWJoPL8e4/ByCGUL+3dw5f38NasAtDWyFxcRQAUoEQ==",
      "requires": {
        "@vonage/auth": "1.18.1",
        "@vonage/server-client": "1.23.1",
        "@vonage/vetch": "1.14.1"
      }
    },
    "@vonage/verify2": {
      "version": "1.22.1",
      "resolved": "https://registry.npmjs.org/@vonage/verify2/-/verify2-1.22.1.tgz",
      "integrity": "sha512-cTneP4Fqk5xOLIDjuF/mw6bCnc33ROi7WQi7SH/Hb3m3m/a+GWNB2w05ISN3TY8vGeOKDKa+nCFoXkTCr4H+xA==",
      "requires": {
        "@vonage/server-client": "1.23.1"
      }
    },
    "@vonage/vetch": {
      "version": "1.14.1",
      "resolved": "https://registry.npmjs.org/@vonage/vetch/-/vetch-1.14.1.tgz",
      "integrity": "sha512-ZekdnnH8sUov4vVN8onds0MDE0HG1ZV/8P0Qq3uIJavngys/lj/pYnGnNahhqYIpS5z3dw0XbnJ4NVjze7XK7A=="
    },
    "@vonage/video": {
      "version": "1.31.1",
      "resolved": "https://registry.npmjs.org/@vonage/video/-/video-1.31.1.tgz",
      "integrity": "sha512-HEs4+5NUaIzJAAE8TYYwoWeuC3lUifYohwp5wlbm0rhGMO5ki4g1AuOOWQAajpovxKL6Lx0i36c39HAT7vJk0Q==",
      "requires": {
        "@vonage/auth": "1.18.1",
        "@vonage/jwt": "1.17.1",
        "@vonage/server-client": "1.23.1",
        "@vonage/vetch": "1.14.1"
      }
    },
    "@vonage/voice": {
      "version": "1.24.1",
      "resolved": "https://registry.npmjs.org/@vonage/voice/-/voice-1.24.1.tgz",
      "integrity": "sha512-8c+j4TTNl2DmsjpHu0xtlLSVxEBrapqts66bz4/kYe0/YVcAe07RMlVzH+Y7mXgMXUYIL9vId8gszupxesTXBA==",
      "requires": {
        "@types/debug": "4.1.13",
        "@vonage/server-client": "1.23.1",
        "@vonage/vetch": "1.14.1",
        "debug": "4.4.3",
        "ts-xor": "1.3.0"
      }
    },
    "buffer-equal-constant-time": {
      "version": "1.0.1",
      "resolved": "https://registry.npmjs.org/buffer-equal-constant-time/-/buffer-equal-constant-time-1.0.1.tgz",
      "integrity": "sha512-zRpUiDwd/xk6ADqPMATG8vc9VPrkck7T07OIx0gnjmJAnHnTVXNQG3vfvWNuiZIkwu9KrKdA1iJKfsfTVxE6NA=="
    },
    "debug": {
      "version": "4.4.3",
      "resolved": "https://registry.npmjs.org/debug/-/debug-4.4.3.tgz",
      "integrity": "sha512-RGwwWnwQvkVfavKVt22FGLw+xYSdzARwm0ru6DhTVA3umU5hZc28V3kO4stgYryrTlLpuvgI9GiijltAjNbcqA==",
      "requires": {
        "ms": "^2.1.3"
      }
    },
    "ecdsa-sig-formatter": {
      "version": "1.0.11",
      "resolved": "https://registry.npmjs.org/ecdsa-sig-formatter/-/ecdsa-sig-formatter-1.0.11.tgz",
      "integrity": "sha512-nagl3RYrbNv6kQkeJIpt6NJZy8twLB/2vtz6yN9Z4vRKHN4/QZJIEbqohALSgwKdnksuY3k5Addp5lg8sVoVcQ==",
      "requires": {
        "safe-buffer": "^5.0.1"
      }
    },
    "jsonwebtoken": {
      "version": "9.0.3",
      "resolved": "https://registry.npmjs.org/jsonwebtoken/-/jsonwebtoken-9.0.3.tgz",
      "integrity": "sha512-MT/xP0CrubFRNLNKvxJ2BYfy53Zkm++5bX9dtuPbqAeQpTVe0MQTFhao8+Cp//EmJp244xt6Drw/GVEGCUj40g==",
      "requires": {
        "jws": "^4.0.1",
        "lodash.includes": "^4.3.0",
        "lodash.isboolean": "^3.0.3",
        "lodash.isinteger": "^4.0.4",
        "lodash.isnumber": "^3.0.3",
        "lodash.isplainobject": "^4.0.6",
        "lodash.isstring": "^4.0.1",
        "lodash.once": "^4.0.0",
        "ms": "^2.1.1",
        "semver": "^7.5.4"
      }
    },
    "jwa": {
      "version": "2.0.1",
      "resolved": "https://registry.npmjs.org/jwa/-/jwa-2.0.1.tgz",
      "integrity": "sha512-hRF04fqJIP8Abbkq5NKGN0Bbr3JxlQ+qhZufXVr0DvujKy93ZCbXZMHDL4EOtodSbCWxOqR8MS1tXA5hwqCXDg==",
      "requires": {
        "buffer-equal-constant-time": "^1.0.1",
        "ecdsa-sig-formatter": "1.0.11",
        "safe-buffer": "^5.0.1"
      }
    },
    "jws": {
      "version": "4.0.1",
      "resolved": "https://registry.npmjs.org/jws/-/jws-4.0.1.tgz",
      "integrity": "sha512-EKI/M/yqPncGUUh44xz0PxSidXFr/+r0pA70+gIYhjv+et7yxM+s29Y+VGDkovRofQem0fs7Uvf4+YmAdyRduA==",
      "requires": {
        "jwa": "^2.0.1",
        "safe-buffer": "^5.0.1"
      }
    },
    "lodash.includes": {
      "version": "4.3.0",
      "resolved": "https://registry.npmjs.org/lodash.includes/-/lodash.includes-4.3.0.tgz",
      "integrity": "sha512-W3Bx6mdkRTGtlJISOvVD/lbqjTlPPUDTMnlXZFnVwi9NKJ6tiAk6LVdlhZMm17VZisqhKcgzpO5Wz91PCt5b0w=="
    },
    "lodash.isboolean": {
      "version": "3.0.3",
      "resolved": "https://registry.npmjs.org/lodash.isboolean/-/lodash.isboolean-3.0.3.tgz",
      "integrity": "sha512-Bz5mupy2SVbPHURB98VAcw+aHh4vRV5IPNhILUCsOzRmsTmSQ17jIuqopAentWoehktxGd9e/hbIXq980/1QJg=="
    },
    "lodash.isinteger": {
      "version": "4.0.4",
      "resolved": "https://registry.npmjs.org/lodash.isinteger/-/lodash.isinteger-4.0.4.tgz",
      "integrity": "sha512-DBwtEWN2caHQ9/imiNeEA5ys1JoRtRfY3d7V9wkqtbycnAmTvRRmbHKDV4a0EYc678/dia0jrte4tjYwVBaZUA=="
    },
    "lodash.isnumber": {
      "version": "3.0.3",
      "resolved": "https://registry.npmjs.org/lodash.isnumber/-/lodash.isnumber-3.0.3.tgz",
      "integrity": "sha512-QYqzpfwO3/CWf3XP+Z+tkQsfaLL/EnUlXWVkIk5FUPc4sBdTehEqZONuyRt2P67PXAk+NXmTBcc97zw9t1FQrw=="
    },
    "lodash.isplainobject": {
      "version": "4.0.6",
      "resolved": "https://registry.npmjs.org/lodash.isplainobject/-/lodash.isplainobject-4.0.6.tgz",
      "integrity": "sha512-oSXzaWypCMHkPC3NvBEaPHf0KsA5mvPrOPgQWDsbg8n7orZ290M0BmC/jgRZ4vcJ6DTAhjrsSYgdsW/F+MFOBA=="
    },
    "lodash.isstring": {
      "version": "4.0.1",
      "resolved": "https://registry.npmjs.org/lodash.isstring/-/lodash.isstring-4.0.1.tgz",
      "integrity": "sha512-0wJxfxH1wgO3GrbuP+dTTk7op+6L41QCXbGINEmD+ny/G/eCqGzxyCsh7159S+mgDDcoarnBw6PC1PS5+wUGgw=="
    },
    "lodash.once": {
      "version": "4.1.1",
      "resolved": "https://registry.npmjs.org/lodash.once/-/lodash.once-4.1.1.tgz",
      "integrity": "sha512-Sb487aTOCr9drQVL8pIxOzVhafOjZN9UU54hiN8PU3uAiSV7lx1yYNpbNmex2PK6dSJoNTSJUUswT651yww3Mg=="
    },
    "ms": {
      "version": "2.1.3",
      "resolved": "https://registry.npmjs.org/ms/-/ms-2.1.3.tgz",
      "integrity": "sha512-6FlzubTLZG3J2a/NVCAleEhjzq5oxgHyaCU9yYXvcLsvoVaHJq/s5xXI6/XXP6tz7R9xAOtHnSO/tXtF3WRTlA=="
    },
    "safe-buffer": {
      "version": "5.2.1",
      "resolved": "https://registry.npmjs.org/safe-buffer/-/safe-buffer-5.2.1.tgz",
      "integrity": "sha512-rp3So07KcdmmKbGvgaNxQSJr7bGVSVk5S9Eq1F+ppbRo70+YeaDxkw5Dd8NPN+GD6bjnYm2VuPuCXmpuYvmCXQ=="
    },
    "semver": {
      "version": "7.8.5",
      "resolved": "https://registry.npmjs.org/semver/-/semver-7.8.5.tgz",
      "integrity": "sha512-Y7/KDsb8LjooZpwaqGyulO6DQlksgCncchHGk+sZIY4SBvUocMBEFH5Ur1fI4dV+Jvl0w6cjvucaIi40puRioA=="
    },
    "ts-xor": {
      "version": "1.3.0",
      "resolved": "https://registry.npmjs.org/ts-xor/-/ts-xor-1.3.0.tgz",
      "integrity": "sha512-RLXVjliCzc1gfKQFLRpfeD0rrWmjnSTgj7+RFhoq3KRkUYa8LE/TIidYOzM5h+IdFBDSjjSgk9Lto9sdMfDFEA=="
    },
    "uuid": {
      "version": "14.0.1",
      "resolved": "https://registry.npmjs.org/uuid/-/uuid-14.0.1.tgz",
      "integrity": "sha512-6ZxzVpzDXDa3bJWaHilVayA+BH/1zmxCJoVgvmqJnid/gPoKHxUrS/aC/T6LGQtNHT+XHG9fXPJB4d+IrU30Ew=="
    }
  }
}
