{
  "name": "functions",
  "requires": true,
  "lockfileVersion": 1,
  "dependencies": {
    "@types/debug": {
      "version": "4.1.13",
      "resolved": "https://registry.npmjs.org/@types/debug/-/debug-4.1.13.tgz",
      "integrity": "sha512-KSVgmQmzMwPlmtljOomayoR89W4FynCAi3E8PPs7vmDVPe84hT+vGPKkJfThkmXs0x0jAaa9U8uW8bbfyS2fWw==",
      "requires": {
        "@types/ms": "*"
      }
    },
    "@types/ms": {
      "version": "2.1.0",
      "resolved": "https://registry.npmjs.org/@types/ms/-/ms-2.1.0.tgz",
      "integrity": "sha512-GsCCIZDE/p3i96vtEqx+7dBUGXrc7zeSK3wwPHIaRThS+9OhWIXRqzs4d6k1SVU8g91DrNRWxWUGhp5KXQb2VA=="
    },
    "@vonage/accounts": {
      "version": "1.22.0",
      "resolved": "https://registry.npmjs.org/@vonage/accounts/-/accounts-1.22.0.tgz",
      "integrity": "sha512-QMn/cI1j/WLYIGOjV1huu35a0DKhgoGByy7OJAewTLqML3gqkacMu5lXmCsdvt+8pcHWe8XL6+TbbzhbpjFJ6Q==",
      "requires": {
        "@vonage/server-client": "1.22.0"
      }
    },
    "@vonage/applications": {
      "version": "1.22.0",
      "resolved": "https://registry.npmjs.org/@vonage/applications/-/applications-1.22.0.tgz",
      "integrity": "sha512-nYoA4PSOQJvHVxSF5GBKYF8l3brsLJXouGoJ8GkqCgYdBa2+YWOtmA1HCc+DEbw4L69dlreSANA8/V6vr6TgEg==",
      "requires": {
        "@vonage/server-client": "1.22.0"
      }
    },
    "@vonage/auth": {
      "version": "1.17.0",
      "resolved": "https://registry.npmjs.org/@vonage/auth/-/auth-1.17.0.tgz",
      "integrity": "sha512-XVe3lC3HRVR+rMknoo3QXdcutJ37hLIw7syIBUvHA5u3OMYYn9WcNusLFA3UGO/m6p6sxcyJK5sezjbf5hZGkg==",
      "requires": {
        "@vonage/jwt": "1.16.0",
        "debug": "4.4.3"
      }
    },
    "@vonage/conversations": {
      "version": "1.16.0",
      "resolved": "https://registry.npmjs.org/@vonage/conversations/-/conversations-1.16.0.tgz",
      "integrity": "sha512-a121inIZ97HfdbRmhWW/LJcyU426ms92O1lMdbLjxdDiOvN5g0RbkurbKkgKs4Grbo2quzep8JwVJKNDaprmIQ==",
      "requires": {
        "@vonage/messages": "1.26.0",
        "@vonage/server-client": "1.22.0",
        "@vonage/users": "1.16.0",
        "@vonage/voice": "1.23.0"
      }
    },
    "@vonage/jwt": {
      "version": "1.16.0",
      "resolved": "https://registry.npmjs.org/@vonage/jwt/-/jwt-1.16.0.tgz",
      "integrity": "sha512-il9/vbGdPL8GclNVXFstWZqKhxx45vQVQb73K5tf3ZZLaRJxFsrfQM/bjGopTO3cuw6rzmOn/ndxlGF0QqRZ8A==",
      "requires": {
        "debug": "4.4.3",
        "jsonwebtoken": "9.0.3",
        "uuid": "14.0.1"
      }
    },
    "@vonage/messages": {
      "version": "1.26.0",
      "resolved": "https://registry.npmjs.org/@vonage/messages/-/messages-1.26.0.tgz",
      "integrity": "sha512-2y3sP5badJnbPIeY3Nk9lW47L4Tcgj4fZoB/dG0BLQWzkRMQm7H4aEptVI2nNiG6uYU9Vch2GtZsLyoqtBOQjA==",
      "requires": {
        "@vonage/server-client": "1.22.0",
        "@vonage/vetch": "1.13.0",
        "debug": "4.4.3"
      }
    },
    "@vonage/number-insights": {
      "version": "1.22.0",
      "resolved": "https://registry.npmjs.org/@vonage/number-insights/-/number-insights-1.22.0.tgz",
      "integrity": "sha512-fXMe6yGNphXwbwkCO8HjtR2d+8bWGt2wpva4/mNTm2JKEsQbeUym9Km7qa5JYK5ivH57M5mq6Rp7VWy5aGHWew==",
      "requires": {
        "@vonage/auth": "1.17.0",
        "@vonage/server-client": "1.22.0",
        "@vonage/vetch": "1.13.0"
      }
    },
    "@vonage/numbers": {
      "version": "1.24.0",
      "resolved": "https://registry.npmjs.org/@vonage/numbers/-/numbers-1.24.0.tgz",
      "integrity": "sha512-F4OmkmT7STKdWqFh6PLEsTswXLOCKtk5WyLazTpNsJi6ZtPV88eU0TZZR6O1NxBlOhlkcFWhoHRo8f92kMz94A==",
      "requires": {
        "@vonage/auth": "1.17.0",
        "@vonage/server-client": "1.22.0",
        "@vonage/vetch": "1.13.0"
      }
    },
    "@vonage/pricing": {
      "version": "1.22.0",
      "resolved": "https://registry.npmjs.org/@vonage/pricing/-/pricing-1.22.0.tgz",
      "integrity": "sha512-5+H89zom8sGhZIqYyA0C4LaSIdgopxoN1Z2ZJbZMtf6333Te3sgOY1qGeARPCNC7G+VtCJAoY9lcY3pdE2Jzeg==",
      "requires": {
        "@vonage/auth": "1.17.0",
        "@vonage/server-client": "1.22.0",
        "@vonage/vetch": "1.13.0"
      }
    },
    "@vonage/redact": {
      "version": "1.21.0",
      "resolved": "https://registry.npmjs.org/@vonage/redact/-/redact-1.21.0.tgz",
      "integrity": "sha512-eAnQZKo9cwHwxf3q79AxIMgb7qdEOA1/nJM9kau42L5Qr3t/X3DoltD5nLjFOKHoVX8Xb6w+Ucntw+36dkoTQg==",
      "requires": {
        "@vonage/server-client": "1.22.0"
      }
    },
    "@vonage/server-client": {
      "version": "1.22.0",
      "resolved": "https://registry.npmjs.org/@vonage/server-client/-/server-client-1.22.0.tgz",
      "integrity": "sha512-aRcVFFSmuiqP0BltBDHJac+Vp5lnNLU1Mu5jaDjI5M7LupTZnDYhOl87N8WiatHJc0ryN8/+oAdjotrqyFU5TQ==",
      "requires": {
        "@vonage/auth": "1.17.0",
        "@vonage/vetch": "1.13.0",
        "debug": "4.4.3"
      }
    },
    "@vonage/server-sdk": {
      "version": "3.13.1",
      "resolved": "https://registry.npmjs.org/@vonage/server-sdk/-/server-sdk-3.13.1.tgz",
      "integrity": "sha512-EMVfT+fXQOnQqJ4TuQ4RaXlzM35FwAVYnMt+7ANr+26VIdYq+UuOeTV9DNJmFSMTL2gGc8ca3wA1l8HEKeFfLA==",
      "requires": {
        "@vonage/accounts": "^1.11.1",
        "@vonage/applications": "^1.11.1",
        "@vonage/auth": "^1.9.1",
        "@vonage/conversations": "^1.1.1",
        "@vonage/messages": "^1.12.1",
        "@vonage/number-insights": "^1.11.1",
        "@vonage/numbers": "^1.11.1",
        "@vonage/pricing": "^1.11.1",
        "@vonage/redact": "^1.10.1",
        "@vonage/server-client": "^1.11.1",
        "@vonage/sms": "^1.12.1",
        "@vonage/users": "^1.5.1",
        "@vonage/verify": "^1.11.1",
        "@vonage/verify2": "^1.10.1",
        "@vonage/video": "^1.15.1",
        "@vonage/voice": "^1.11.1"
      }
    },
    "@vonage/sms": {
      "version": "1.23.0",
      "resolved": "https://registry.npmjs.org/@vonage/sms/-/sms-1.23.0.tgz",
      "integrity": "sha512-m/UizskWPret1GduMNr4UU+b0vc08AuMFBbnjHZ9j1KO2VNRnJlAGD13vo46WpTIdbjegIRw91YkySPzqsbjxg==",
      "requires": {
        "@vonage/auth": "1.17.0",
        "@vonage/server-client": "1.22.0"
      }
    },
    "@vonage/users": {
      "version": "1.16.0",
      "resolved": "https://registry.npmjs.org/@vonage/users/-/users-1.16.0.tgz",
      "integrity": "sha512-iaI7FqzH++Mv4IzB+3uoNM2jw6rgVeyqEtF+DfgEUz5N9N1JDbyQIGa/OVCQzua/lCYkU24GIIAuablN8tupeA==",
      "requires": {
        "@vonage/server-client": "1.22.0"
      }
    },
    "@vonage/verify": {
      "version": "1.22.0",
      "resolved": "https://registry.npmjs.org/@vonage/verify/-/verify-1.22.0.tgz",
      "integrity": "sha512-sYhnST97iLub3qbcnSGV5xhrJA12iwhMmPwBeQcyxhj96c+0RRWPWT6BYtG2Cp4ZAUaB+eRR77DyFgyQGv6nxw==",
      "requires": {
        "@vonage/auth": "1.17.0",
        "@vonage/server-client": "1.22.0",
        "@vonage/vetch": "1.13.0"
      }
    },
    "@vonage/verify2": {
      "version": "1.21.0",
      "resolved": "https://registry.npmjs.org/@vonage/verify2/-/verify2-1.21.0.tgz",
      "integrity": "sha512-lJWFzs6d5Gr2LUoFlakU4N/Uiyka7clAbVclwEXl6xtfr/KkZX7nMi+WwQapnWwBT1MVmyA/e6IT5FQSuhIrYA==",
      "requires": {
        "@vonage/server-client": "1.22.0"
      }
    },
    "@vonage/vetch": {
      "version": "1.13.0",
      "resolved": "https://registry.npmjs.org/@vonage/vetch/-/vetch-1.13.0.tgz",
      "integrity": "sha512-3v27oIKIYCMlT6yY9x4XrovuHocjoCSTVPNzRzXO2nJbiDrIaVi1YqGrpMQKB/DhMiW2Odv/VEZ8Ml2nEOS8+Q=="
    },
    "@vonage/video": {
      "version": "1.30.0",
      "resolved": "https://registry.npmjs.org/@vonage/video/-/video-1.30.0.tgz",
      "integrity": "sha512-CYLjQ4+mq9X8C/XLQzkFICZ8L5SF5WhO6pDRFPAMnD6CbEgfE//iutQE9s/YLs8TtCk4DWkym3yqHIyANoiKFg==",
      "requires": {
        "@vonage/auth": "1.17.0",
        "@vonage/jwt": "1.16.0",
        "@vonage/server-client": "1.22.0",
        "@vonage/vetch": "1.13.0"
      }
    },
    "@vonage/voice": {
      "version": "1.23.0",
      "resolved": "https://registry.npmjs.org/@vonage/voice/-/voice-1.23.0.tgz",
      "integrity": "sha512-Di7BOkNuGMcNfGmjH6V+//3PPANIPhZNwIQ+23dTQhjyLdMPsPyvFyV1IjBmtddHv52p4odWKOnhdSPK/MZ0dA==",
      "requires": {
        "@types/debug": "4.1.13",
        "@vonage/server-client": "1.22.0",
        "@vonage/vetch": "1.13.0",
        "debug": "4.4.3",
        "ts-xor": "1.3.0"
      }
    },
    "buffer-equal-constant-time": {
      "version": "1.0.1",
      "resolved": "https://registry.npmjs.org/buffer-equal-constant-time/-/buffer-equal-constant-time-1.0.1.tgz",
      "integrity": "sha512-zRpUiDwd/xk6ADqPMATG8vc9VPrkck7T07OIx0gnjmJAnHnTVXNQG3vfvWNuiZIkwu9KrKdA1iJKfsfTVxE6NA=="
    },
    "debug": {
      "version": "4.4.3",
      "resolved": "https://registry.npmjs.org/debug/-/debug-4.4.3.tgz",
      "integrity": "sha512-RGwwWnwQvkVfavKVt22FGLw+xYSdzARwm0ru6DhTVA3umU5hZc28V3kO4stgYryrTlLpuvgI9GiijltAjNbcqA==",
      "requires": {
        "ms": "^2.1.3"
      }
    },
    "ecdsa-sig-formatter": {
      "version": "1.0.11",
      "resolved": "https://registry.npmjs.org/ecdsa-sig-formatter/-/ecdsa-sig-formatter-1.0.11.tgz",
      "integrity": "sha512-nagl3RYrbNv6kQkeJIpt6NJZy8twLB/2vtz6yN9Z4vRKHN4/QZJIEbqohALSgwKdnksuY3k5Addp5lg8sVoVcQ==",
      "requires": {
        "safe-buffer": "^5.0.1"
      }
    },
    "jsonwebtoken": {
      "version": "9.0.3",
      "resolved": "https://registry.npmjs.org/jsonwebtoken/-/jsonwebtoken-9.0.3.tgz",
      "integrity": "sha512-MT/xP0CrubFRNLNKvxJ2BYfy53Zkm++5bX9dtuPbqAeQpTVe0MQTFhao8+Cp//EmJp244xt6Drw/GVEGCUj40g==",
      "requires": {
        "jws": "^4.0.1",
        "lodash.includes": "^4.3.0",
        "lodash.isboolean": "^3.0.3",
        "lodash.isinteger": "^4.0.4",
        "lodash.isnumber": "^3.0.3",
        "lodash.isplainobject": "^4.0.6",
        "lodash.isstring": "^4.0.1",
        "lodash.once": "^4.0.0",
        "ms": "^2.1.1",
        "semver": "^7.5.4"
      }
    },
    "jwa": {
      "version": "2.0.1",
      "resolved": "https://registry.npmjs.org/jwa/-/jwa-2.0.1.tgz",
      "integrity": "sha512-hRF04fqJIP8Abbkq5NKGN0Bbr3JxlQ+qhZufXVr0DvujKy93ZCbXZMHDL4EOtodSbCWxOqR8MS1tXA5hwqCXDg==",
      "requires": {
        "buffer-equal-constant-time": "^1.0.1",
        "ecdsa-sig-formatter": "1.0.11",
        "safe-buffer": "^5.0.1"
      }
    },
    "jws": {
      "version": "4.0.1",
      "resolved": "https://registry.npmjs.org/jws/-/jws-4.0.1.tgz",
      "integrity": "sha512-EKI/M/yqPncGUUh44xz0PxSidXFr/+r0pA70+gIYhjv+et7yxM+s29Y+VGDkovRofQem0fs7Uvf4+YmAdyRduA==",
      "requires": {
        "jwa": "^2.0.1",
        "safe-buffer": "^5.0.1"
      }
    },
    "lodash.includes": {
      "version": "4.3.0",
      "resolved": "https://registry.npmjs.org/lodash.includes/-/lodash.includes-4.3.0.tgz",
      "integrity": "sha512-W3Bx6mdkRTGtlJISOvVD/lbqjTlPPUDTMnlXZFnVwi9NKJ6tiAk6LVdlhZMm17VZisqhKcgzpO5Wz91PCt5b0w=="
    },
    "lodash.isboolean": {
      "version": "3.0.3",
      "resolved": "https://registry.npmjs.org/lodash.isboolean/-/lodash.isboolean-3.0.3.tgz",
      "integrity": "sha512-Bz5mupy2SVbPHURB98VAcw+aHh4vRV5IPNhILUCsOzRmsTmSQ17jIuqopAentWoehktxGd9e/hbIXq980/1QJg=="
    },
    "lodash.isinteger": {
      "version": "4.0.4",
      "resolved": "https://registry.npmjs.org/lodash.isinteger/-/lodash.isinteger-4.0.4.tgz",
      "integrity": "sha512-DBwtEWN2caHQ9/imiNeEA5ys1JoRtRfY3d7V9wkqtbycnAmTvRRmbHKDV4a0EYc678/dia0jrte4tjYwVBaZUA=="
    },
    "lodash.isnumber": {
      "version": "3.0.3",
      "resolved": "https://registry.npmjs.org/lodash.isnumber/-/lodash.isnumber-3.0.3.tgz",
      "integrity": "sha512-QYqzpfwO3/CWf3XP+Z+tkQsfaLL/EnUlXWVkIk5FUPc4sBdTehEqZONuyRt2P67PXAk+NXmTBcc97zw9t1FQrw=="
    },
    "lodash.isplainobject": {
      "version": "4.0.6",
      "resolved": "https://registry.npmjs.org/lodash.isplainobject/-/lodash.isplainobject-4.0.6.tgz",
      "integrity": "sha512-oSXzaWypCMHkPC3NvBEaPHf0KsA5mvPrOPgQWDsbg8n7orZ290M0BmC/jgRZ4vcJ6DTAhjrsSYgdsW/F+MFOBA=="
    },
    "lodash.isstring": {
      "version": "4.0.1",
      "resolved": "https://registry.npmjs.org/lodash.isstring/-/lodash.isstring-4.0.1.tgz",
      "integrity": "sha512-0wJxfxH1wgO3GrbuP+dTTk7op+6L41QCXbGINEmD+ny/G/eCqGzxyCsh7159S+mgDDcoarnBw6PC1PS5+wUGgw=="
    },
    "lodash.once": {
      "version": "4.1.1",
      "resolved": "https://registry.npmjs.org/lodash.once/-/lodash.once-4.1.1.tgz",
      "integrity": "sha512-Sb487aTOCr9drQVL8pIxOzVhafOjZN9UU54hiN8PU3uAiSV7lx1yYNpbNmex2PK6dSJoNTSJUUswT651yww3Mg=="
    },
    "ms": {
      "version": "2.1.3",
      "resolved": "https://registry.npmjs.org/ms/-/ms-2.1.3.tgz",
      "integrity": "sha512-6FlzubTLZG3J2a/NVCAleEhjzq5oxgHyaCU9yYXvcLsvoVaHJq/s5xXI6/XXP6tz7R9xAOtHnSO/tXtF3WRTlA=="
    },
    "safe-buffer": {
      "version": "5.2.1",
      "resolved": "https://registry.npmjs.org/safe-buffer/-/safe-buffer-5.2.1.tgz",
      "integrity": "sha512-rp3So07KcdmmKbGvgaNxQSJr7bGVSVk5S9Eq1F+ppbRo70+YeaDxkw5Dd8NPN+GD6bjnYm2VuPuCXmpuYvmCXQ=="
    },
    "semver": {
      "version": "7.8.5",
      "resolved": "https://registry.npmjs.org/semver/-/semver-7.8.5.tgz",
      "integrity": "sha512-Y7/KDsb8LjooZpwaqGyulO6DQlksgCncchHGk+sZIY4SBvUocMBEFH5Ur1fI4dV+Jvl0w6cjvucaIi40puRioA=="
    },
    "ts-xor": {
      "version": "1.3.0",
      "resolved": "https://registry.npmjs.org/ts-xor/-/ts-xor-1.3.0.tgz",
      "integrity": "sha512-RLXVjliCzc1gfKQFLRpfeD0rrWmjnSTgj7+RFhoq3KRkUYa8LE/TIidYOzM5h+IdFBDSjjSgk9Lto9sdMfDFEA=="
    },
    "uuid": {
      "version": "14.0.1",
      "resolved": "https://registry.npmjs.org/uuid/-/uuid-14.0.1.tgz",
      "integrity": "sha512-6ZxzVpzDXDa3bJWaHilVayA+BH/1zmxCJoVgvmqJnid/gPoKHxUrS/aC/T6LGQtNHT+XHG9fXPJB4d+IrU30Ew=="
    }
  }
}
